
Microsoft Visual Studio Solution File, Format Version 12.00
# Visual Studio Version 17
VisualStudioVersion = 17.2.32505.173
MinimumVisualStudioVersion = 10.0.40219.1
Project("{FAE04EC0-301F-11D3-BF4B-00C04F79EFBC}") = "MarvelChronicles.API", "MarvelChronicles.API\MarvelChronicles.API.csproj", "{BC7B9011-A9B9-4B1F-B333-F7C36FD2592C}"
EndProject
Project("{FAE04EC0-301F-11D3-BF4B-00C04F79EFBC}") = "MarvelChronicles.Data", "MarvelChronicles.Data\MarvelChronicles.Data.csproj", "{2D5B86C5-9528-4FE5-97BC-98C5BE6289EB}"
EndProject
Global
	GlobalSection(SolutionConfigurationPlatforms) = preSolution
		Debug|Any CPU = Debug|Any CPU
		Release|Any CPU = Release|Any CPU
	EndGlobalSection
	GlobalSection(ProjectConfigurationPlatforms) = postSolution
		{BC7B9011-A9B9-4B1F-B333-F7C36FD2592C}.Debug|Any CPU.ActiveCfg = Debug|Any CPU
		{BC7B9011-A9B9-4B1F-B333-F7C36FD2592C}.Debug|Any CPU.Build.0 = Debug|Any CPU
		{BC7B9011-A9B9-4B1F-B333-F7C36FD2592C}.Release|Any CPU.ActiveCfg = Release|Any CPU
		{BC7B9011-A9B9-4B1F-B333-F7C36FD2592C}.Release|Any CPU.Build.0 = Release|Any CPU
		{2D5B86C5-9528-4FE5-97BC-98C5BE6289EB}.Debug|Any CPU.ActiveCfg = Debug|Any CPU
		{2D5B86C5-9528-4FE5-97BC-98C5BE6289EB}.Debug|Any CPU.Build.0 = Debug|Any CPU
		{2D5B86C5-9528-4FE5-97BC-98C5BE6289EB}.Release|Any CPU.ActiveCfg = Release|Any CPU
		{2D5B86C5-9528-4FE5-97BC-98C5BE6289EB}.Release|Any CPU.Build.0 = Release|Any CPU
	EndGlobalSection
	GlobalSection(SolutionProperties) = preSolution
		HideSolutionNode = FALSE
	EndGlobalSection
	GlobalSection(ExtensibilityGlobals) = postSolution
		SolutionGuid = {0C74C58A-E456-4056-96D8-DD1A6332DACA}
	EndGlobalSection
EndGlobal
